
Microsoft Visual Studio Solution File, Format Version 12.00
# Visual Studio Version 16
VisualStudioVersion = 16.0.29215.179
MinimumVisualStudioVersion = 10.0.40219.1
Project("{FAE04EC0-301F-11D3-BF4B-00C04F79EFBC}") = "HackathonTest", "HackathonTest\HackathonTest.csproj", "{D68A6587-D289-4B16-86EE-4C017B529A2D}"
EndProject
Project("{FAE04EC0-301F-11D3-BF4B-00C04F79EFBC}") = "HackathonApi", "HackathonApi\HackathonApi.csproj", "{BA27A19F-D4D8-4C26-B3A3-A6F95E365E52}"
EndProject
Global
	GlobalSection(SolutionConfigurationPlatforms) = preSolution
		Debug|Any CPU = Debug|Any CPU
		Debug|x64 = Debug|x64
		Debug|x86 = Debug|x86
		Release|Any CPU = Release|Any CPU
		Release|x64 = Release|x64
		Release|x86 = Release|x86
	EndGlobalSection
	GlobalSection(SolutionProperties) = preSolution
		HideSolutionNode = FALSE
	EndGlobalSection
	GlobalSection(ProjectConfigurationPlatforms) = postSolution
		{D68A6587-D289-4B16-86EE-4C017B529A2D}.Debug|Any CPU.ActiveCfg = Debug|Any CPU
		{D68A6587-D289-4B16-86EE-4C017B529A2D}.Debug|Any CPU.Build.0 = Debug|Any CPU
		{D68A6587-D289-4B16-86EE-4C017B529A2D}.Debug|x64.ActiveCfg = Debug|Any CPU
		{D68A6587-D289-4B16-86EE-4C017B529A2D}.Debug|x64.Build.0 = Debug|Any CPU
		{D68A6587-D289-4B16-86EE-4C017B529A2D}.Debug|x86.ActiveCfg = Debug|Any CPU
		{D68A6587-D289-4B16-86EE-4C017B529A2D}.Debug|x86.Build.0 = Debug|Any CPU
		{D68A6587-D289-4B16-86EE-4C017B529A2D}.Release|Any CPU.ActiveCfg = Release|Any CPU
		{D68A6587-D289-4B16-86EE-4C017B529A2D}.Release|Any CPU.Build.0 = Release|Any CPU
		{D68A6587-D289-4B16-86EE-4C017B529A2D}.Release|x64.ActiveCfg = Release|Any CPU
		{D68A6587-D289-4B16-86EE-4C017B529A2D}.Release|x64.Build.0 = Release|Any CPU
		{D68A6587-D289-4B16-86EE-4C017B529A2D}.Release|x86.ActiveCfg = Release|Any CPU
		{D68A6587-D289-4B16-86EE-4C017B529A2D}.Release|x86.Build.0 = Release|Any CPU
		{BA27A19F-D4D8-4C26-B3A3-A6F95E365E52}.Debug|Any CPU.ActiveCfg = Debug|Any CPU
		{BA27A19F-D4D8-4C26-B3A3-A6F95E365E52}.Debug|Any CPU.Build.0 = Debug|Any CPU
		{BA27A19F-D4D8-4C26-B3A3-A6F95E365E52}.Debug|x64.ActiveCfg = Debug|Any CPU
		{BA27A19F-D4D8-4C26-B3A3-A6F95E365E52}.Debug|x64.Build.0 = Debug|Any CPU
		{BA27A19F-D4D8-4C26-B3A3-A6F95E365E52}.Debug|x86.ActiveCfg = Debug|Any CPU
		{BA27A19F-D4D8-4C26-B3A3-A6F95E365E52}.Debug|x86.Build.0 = Debug|Any CPU
		{BA27A19F-D4D8-4C26-B3A3-A6F95E365E52}.Release|Any CPU.ActiveCfg = Release|Any CPU
		{BA27A19F-D4D8-4C26-B3A3-A6F95E365E52}.Release|Any CPU.Build.0 = Release|Any CPU
		{BA27A19F-D4D8-4C26-B3A3-A6F95E365E52}.Release|x64.ActiveCfg = Release|Any CPU
		{BA27A19F-D4D8-4C26-B3A3-A6F95E365E52}.Release|x64.Build.0 = Release|Any CPU
		{BA27A19F-D4D8-4C26-B3A3-A6F95E365E52}.Release|x86.ActiveCfg = Release|Any CPU
		{BA27A19F-D4D8-4C26-B3A3-A6F95E365E52}.Release|x86.Build.0 = Release|Any CPU
	EndGlobalSection
EndGlobal
